
Microsoft Visual Studio Solution File, Format Version 12.00
# Visual Studio 2013
VisualStudioVersion = 12.0.31101.0
MinimumVisualStudioVersion = 10.0.40219.1
Project("{8BC9CEB8-8B4A-11D0-8D11-00A0C91BC942}") = "Table_Lab_1", "Table_Lab_1.vcxproj", "{8FAC0D1E-0699-369D-8941-01CD9697C6E0}"
EndProject
Global
	GlobalSection(SolutionConfigurationPlatforms) = preSolution
		Debug|x64 = Debug|x64
		Release|x64 = Release|x64
	EndGlobalSection
	GlobalSection(ProjectConfigurationPlatforms) = postSolution
		{8FAC0D1E-0699-369D-8941-01CD9697C6E0}.Debug|x64.ActiveCfg = Debug|x64
		{8FAC0D1E-0699-369D-8941-01CD9697C6E0}.Debug|x64.Build.0 = Debug|x64
		{8FAC0D1E-0699-369D-8941-01CD9697C6E0}.Release|x64.ActiveCfg = Release|x64
		{8FAC0D1E-0699-369D-8941-01CD9697C6E0}.Release|x64.Build.0 = Release|x64
	EndGlobalSection
	GlobalSection(SolutionProperties) = preSolution
		HideSolutionNode = FALSE
	EndGlobalSection
EndGlobal
